// !$*UTF8*$!
{
	archiveVersion = 1;
	classes = {
	};
	objectVersion = 55;
	objects = {

/* Begin PBXBuildFile section */
		099ADC2927EA085800CADB83 /* AppDelegate.swift in Sources */ = {isa = PBXBuildFile; fileRef = 099ADC2827EA085800CADB83 /* AppDelegate.swift */; };
		099ADC2F27EA085800CADB83 /* GameScene.swift in Sources */ = {isa = PBXBuildFile; fileRef = 099ADC2E27EA085800CADB83 /* GameScene.swift */; };
		099ADC3127EA085800CADB83 /* GameViewController.swift in Sources */ = {isa = PBXBuildFile; fileRef = 099ADC3027EA085800CADB83 /* GameViewController.swift */; };
		099ADC3427EA085800CADB83 /* Main.storyboard in Resources */ = {isa = PBXBuildFile; fileRef = 099ADC3227EA085800CADB83 /* Main.storyboard */; };
		099ADC3627EA085A00CADB83 /* Assets.xcassets in Resources */ = {isa = PBXBuildFile; fileRef = 099ADC3527EA085A00CADB83 /* Assets.xcassets */; };
		099ADC3927EA085A00CADB83 /* LaunchScreen.storyboard in Resources */ = {isa = PBXBuildFile; fileRef = 099ADC3727EA085A00CADB83 /* LaunchScreen.storyboard */; };
		099ADC4327EA085A00CADB83 /* sec8__GameTests.swift in Sources */ = {isa = PBXBuildFile; fileRef = 099ADC4227EA085A00CADB83 /* sec8__GameTests.swift */; };
		099ADC4D27EA085A00CADB83 /* sec8__GameUITests.swift in Sources */ = {isa = PBXBuildFile; fileRef = 099ADC4C27EA085A00CADB83 /* sec8__GameUITests.swift */; };
		099ADC4F27EA085A00CADB83 /* sec8__GameUITestsLaunchTests.swift in Sources */ = {isa = PBXBuildFile; fileRef = 099ADC4E27EA085A00CADB83 /* sec8__GameUITestsLaunchTests.swift */; };
/* End PBXBuildFile section */

/* Begin PBXContainerItemProxy section */
		099ADC3F27EA085A00CADB83 /* PBXContainerItemProxy */ = {
			isa = PBXContainerItemProxy;
			containerPortal = 099ADC1D27EA085800CADB83 /* Project object */;
			proxyType = 1;
			remoteGlobalIDString = 099ADC2427EA085800CADB83;
			remoteInfo = "sec8. Game";
		};
		099ADC4927EA085A00CADB83 /* PBXContainerItemProxy */ = {
			isa = PBXContainerItemProxy;
			containerPortal = 099ADC1D27EA085800CADB83 /* Project object */;
			proxyType = 1;
			remoteGlobalIDString = 099ADC2427EA085800CADB83;
			remoteInfo = "sec8. Game";
		};
/* End PBXContainerItemProxy section */

/* Begin PBXFileReference section */
		099ADC2527EA085800CADB83 /* sec8. Game.app */ = {isa = PBXFileReference; explicitFileType = wrapper.application; includeInIndex = 0; path = "sec8. Game.app"; sourceTree = BUILT_PRODUCTS_DIR; };
		099ADC2827EA085800CADB83 /* AppDelegate.swift */ = {isa = PBXFileReference; lastKnownFileType = sourcecode.swift; path = AppDelegate.swift; sourceTree = "<group>"; };
		099ADC2E27EA085800CADB83 /* GameScene.swift */ = {isa = PBXFileReference; lastKnownFileType = sourcecode.swift; path = GameScene.swift; sourceTree = "<group>"; };
		099ADC3027EA085800CADB83 /* GameViewController.swift */ = {isa = PBXFileReference; lastKnownFileType = sourcecode.swift; path = GameViewController.swift; sourceTree = "<group>"; };
		099ADC3327EA085800CADB83 /* Base */ = {isa = PBXFileReference; lastKnownFileType = file.storyboard; name = Base; path = Base.lproj/Main.storyboard; sourceTree = "<group>"; };
		099ADC3527EA085A00CADB83 /* Assets.xcassets */ = {isa = PBXFileReference; lastKnownFileType = folder.assetcatalog; path = Assets.xcassets; sourceTree = "<group>"; };
		099ADC3827EA085A00CADB83 /* Base */ = {isa = PBXFileReference; lastKnownFileType = file.storyboard; name = Base; path = Base.lproj/LaunchScreen.storyboard; sourceTree = "<group>"; };
		099ADC3E27EA085A00CADB83 /* sec8. GameTests.xctest */ = {isa = PBXFileReference; explicitFileType = wrapper.cfbundle; includeInIndex = 0; path = "sec8. GameTests.xctest"; sourceTree = BUILT_PRODUCTS_DIR; };
		099ADC4227EA085A00CADB83 /* sec8__GameTests.swift */ = {isa = PBXFileReference; lastKnownFileType = sourcecode.swift; path = sec8__GameTests.swift; sourceTree = "<group>"; };
		099ADC4827EA085A00CADB83 /* sec8. GameUITests.xctest */ = {isa = PBXFileReference; explicitFileType = wrapper.cfbundle; includeInIndex = 0; path = "sec8. GameUITests.xctest"; sourceTree = BUILT_PRODUCTS_DIR; };
		099ADC4C27EA085A00CADB83 /* sec8__GameUITests.swift */ = {isa = PBXFileReference; lastKnownFileType = sourcecode.swift; path = sec8__GameUITests.swift; sourceTree = "<group>"; };
		099ADC4E27EA085A00CADB83 /* sec8__GameUITestsLaunchTests.swift */ = {isa = PBXFileReference; lastKnownFileType = sourcecode.swift; path = sec8__GameUITestsLaunchTests.swift; sourceTree = "<group>"; };
/* End PBXFileReference section */

/* Begin PBXFrameworksBuildPhase section */
		099ADC2227EA085800CADB83 /* Frameworks */ = {
			isa = PBXFrameworksBuildPhase;
			buildActionMask = 2147483647;
			files = (
			);
			runOnlyForDeploymentPostprocessing = 0;
		};
		099ADC3B27EA085A00CADB83 /* Frameworks */ = {
			isa = PBXFrameworksBuildPhase;
			buildActionMask = 2147483647;
			files = (
			);
			runOnlyForDeploymentPostprocessing = 0;
		};
		099ADC4527EA085A00CADB83 /* Frameworks */ = {
			isa = PBXFrameworksBuildPhase;
			buildActionMask = 2147483647;
			files = (
			);
			runOnlyForDeploymentPostprocessing = 0;
		};
/* End PBXFrameworksBuildPhase section */

/* Begin PBXGroup section */
		099ADC1C27EA085800CADB83 = {
			isa = PBXGroup;
			children = (
				099ADC2727EA085800CADB83 /* sec8. Game */,
				099ADC4127EA085A00CADB83 /* sec8. GameTests */,
				099ADC4B27EA085A00CADB83 /* sec8. GameUITests */,
				099ADC2627EA085800CADB83 /* Products */,
			);
			sourceTree = "<group>";
		};
		099ADC2627EA085800CADB83 /* Products */ = {
			isa = PBXGroup;
			children = (
				099ADC2527EA085800CADB83 /* sec8. Game.app */,
				099ADC3E27EA085A00CADB83 /* sec8. GameTests.xctest */,
				099ADC4827EA085A00CADB83 /* sec8. GameUITests.xctest */,
			);
			name = Products;
			sourceTree = "<group>";
		};
		099ADC2727EA085800CADB83 /* sec8. Game */ = {
			isa = PBXGroup;
			children = (
				099ADC2827EA085800CADB83 /* AppDelegate.swift */,
				099ADC2E27EA085800CADB83 /* GameScene.swift */,
				099ADC3027EA085800CADB83 /* GameViewController.swift */,
				099ADC3227EA085800CADB83 /* Main.storyboard */,
				099ADC3527EA085A00CADB83 /* Assets.xcassets */,
				099ADC3727EA085A00CADB83 /* LaunchScreen.storyboard */,
			);
			path = "sec8. Game";
			sourceTree = "<group>";
		};
		099ADC4127EA085A00CADB83 /* sec8. GameTests */ = {
			isa = PBXGroup;
			children = (
				099ADC4227EA085A00CADB83 /* sec8__GameTests.swift */,
			);
			path = "sec8. GameTests";
			sourceTree = "<group>";
		};
		099ADC4B27EA085A00CADB83 /* sec8. GameUITests */ = {
			isa = PBXGroup;
			children = (
				099ADC4C27EA085A00CADB83 /* sec8__GameUITests.swift */,
				099ADC4E27EA085A00CADB83 /* sec8__GameUITestsLaunchTests.swift */,
			);
			path = "sec8. GameUITests";
			sourceTree = "<group>";
		};
/* End PBXGroup section */

/* Begin PBXNativeTarget section */
		099ADC2427EA085800CADB83 /* sec8. Game */ = {
			isa = PBXNativeTarget;
			buildConfigurationList = 099ADC5227EA085A00CADB83 /* Build configuration list for PBXNativeTarget "sec8. Game" */;
			buildPhases = (
				099ADC2127EA085800CADB83 /* Sources */,
				099ADC2227EA085800CADB83 /* Frameworks */,
				099ADC2327EA085800CADB83 /* Resources */,
			);
			buildRules = (
			);
			dependencies = (
			);
			name = "sec8. Game";
			productName = "sec8. Game";
			productReference = 099ADC2527EA085800CADB83 /* sec8. Game.app */;
			productType = "com.apple.product-type.application";
		};
		099ADC3D27EA085A00CADB83 /* sec8. GameTests */ = {
			isa = PBXNativeTarget;
			buildConfigurationList = 099ADC5527EA085A00CADB83 /* Build configuration list for PBXNativeTarget "sec8. GameTests" */;
			buildPhases = (
				099ADC3A27EA085A00CADB83 /* Sources */,
				099ADC3B27EA085A00CADB83 /* Frameworks */,
				099ADC3C27EA085A00CADB83 /* Resources */,
			);
			buildRules = (
			);
			dependencies = (
				099ADC4027EA085A00CADB83 /* PBXTargetDependency */,
			);
			name = "sec8. GameTests";
			productName = "sec8. GameTests";
			productReference = 099ADC3E27EA085A00CADB83 /* sec8. GameTests.xctest */;
			productType = "com.apple.product-type.bundle.unit-test";
		};
		099ADC4727EA085A00CADB83 /* sec8. GameUITests */ = {
			isa = PBXNativeTarget;
			buildConfigurationList = 099ADC5827EA085A00CADB83 /* Build configuration list for PBXNativeTarget "sec8. GameUITests" */;
			buildPhases = (
				099ADC4427EA085A00CADB83 /* Sources */,
				099ADC4527EA085A00CADB83 /* Frameworks */,
				099ADC4627EA085A00CADB83 /* Resources */,
			);
			buildRules = (
			);
			dependencies = (
				099ADC4A27EA085A00CADB83 /* PBXTargetDependency */,
			);
			name = "sec8. GameUITests";
			productName = "sec8. GameUITests";
			productReference = 099ADC4827EA085A00CADB83 /* sec8. GameUITests.xctest */;
			productType = "com.apple.product-type.bundle.ui-testing";
		};
/* End PBXNativeTarget section */

/* Begin PBXProject section */
		099ADC1D27EA085800CADB83 /* Project object */ = {
			isa = PBXProject;
			attributes = {
				BuildIndependentTargetsInParallel = 1;
				LastSwiftUpdateCheck = 1310;
				LastUpgradeCheck = 1310;
				TargetAttributes = {
					099ADC2427EA085800CADB83 = {
						CreatedOnToolsVersion = 13.1;
					};
					099ADC3D27EA085A00CADB83 = {
						CreatedOnToolsVersion = 13.1;
						TestTargetID = 099ADC2427EA085800CADB83;
					};
					099ADC4727EA085A00CADB83 = {
						CreatedOnToolsVersion = 13.1;
						TestTargetID = 099ADC2427EA085800CADB83;
					};
				};
			};
			buildConfigurationList = 099ADC2027EA085800CADB83 /* Build configuration list for PBXProject "sec8. Game" */;
			compatibilityVersion = "Xcode 13.0";
			developmentRegion = en;
			hasScannedForEncodings = 0;
			knownRegions = (
				en,
				Base,
			);
			mainGroup = 099ADC1C27EA085800CADB83;
			productRefGroup = 099ADC2627EA085800CADB83 /* Products */;
			projectDirPath = "";
			projectRoot = "";
			targets = (
				099ADC2427EA085800CADB83 /* sec8. Game */,
				099ADC3D27EA085A00CADB83 /* sec8. GameTests */,
				099ADC4727EA085A00CADB83 /* sec8. GameUITests */,
			);
		};
/* End PBXProject section */

/* Begin PBXResourcesBuildPhase section */
		099ADC2327EA085800CADB83 /* Resources */ = {
			isa = PBXResourcesBuildPhase;
			buildActionMask = 2147483647;
			files = (
				099ADC3427EA085800CADB83 /* Main.storyboard in Resources */,
				099ADC3627EA085A00CADB83 /* Assets.xcassets in Resources */,
				099ADC3927EA085A00CADB83 /* LaunchScreen.storyboard in Resources */,
			);
			runOnlyForDeploymentPostprocessing = 0;
		};
		099ADC3C27EA085A00CADB83 /* Resources */ = {
			isa = PBXResourcesBuildPhase;
			buildActionMask = 2147483647;
			files = (
			);
			runOnlyForDeploymentPostprocessing = 0;
		};
		099ADC4627EA085A00CADB83 /* Resources */ = {
			isa = PBXResourcesBuildPhase;
			buildActionMask = 2147483647;
			files = (
			);
			runOnlyForDeploymentPostprocessing = 0;
		};
/* End PBXResourcesBuildPhase section */

/* Begin PBXSourcesBuildPhase section */
		099ADC2127EA085800CADB83 /* Sources */ = {
			isa = PBXSourcesBuildPhase;
			buildActionMask = 2147483647;
			files = (
				099ADC2F27EA085800CADB83 /* GameScene.swift in Sources */,
				099ADC3127EA085800CADB83 /* GameViewController.swift in Sources */,
				099ADC2927EA085800CADB83 /* AppDelegate.swift in Sources */,
			);
			runOnlyForDeploymentPostprocessing = 0;
		};
		099ADC3A27EA085A00CADB83 /* Sources */ = {
			isa = PBXSourcesBuildPhase;
			buildActionMask = 2147483647;
			files = (
				099ADC4327EA085A00CADB83 /* sec8__GameTests.swift in Sources */,
			);
			runOnlyForDeploymentPostprocessing = 0;
		};
		099ADC4427EA085A00CADB83 /* Sources */ = {
			isa = PBXSourcesBuildPhase;
			buildActionMask = 2147483647;
			files = (
				099ADC4D27EA085A00CADB83 /* sec8__GameUITests.swift in Sources */,
				099ADC4F27EA085A00CADB83 /* sec8__GameUITestsLaunchTests.swift in Sources */,
			);
			runOnlyForDeploymentPostprocessing = 0;
		};
/* End PBXSourcesBuildPhase section */

/* Begin PBXTargetDependency section */
		099ADC4027EA085A00CADB83 /* PBXTargetDependency */ = {
			isa = PBXTargetDependency;
			target = 099ADC2427EA085800CADB83 /* sec8. Game */;
			targetProxy = 099ADC3F27EA085A00CADB83 /* PBXContainerItemProxy */;
		};
		099ADC4A27EA085A00CADB83 /* PBXTargetDependency */ = {
			isa = PBXTargetDependency;
			target = 099ADC2427EA085800CADB83 /* sec8. Game */;
			targetProxy = 099ADC4927EA085A00CADB83 /* PBXContainerItemProxy */;
		};
/* End PBXTargetDependency section */

/* Begin PBXVariantGroup section */
		099ADC3227EA085800CADB83 /* Main.storyboard */ = {
			isa = PBXVariantGroup;
			children = (
				099ADC3327EA085800CADB83 /* Base */,
			);
			name = Main.storyboard;
			sourceTree = "<group>";
		};
		099ADC3727EA085A00CADB83 /* LaunchScreen.storyboard */ = {
			isa = PBXVariantGroup;
			children = (
				099ADC3827EA085A00CADB83 /* Base */,
			);
			name = LaunchScreen.storyboard;
			sourceTree = "<group>";
		};
/* End PBXVariantGroup section */

/* Begin XCBuildConfiguration section */
		099ADC5027EA085A00CADB83 /* Debug */ = {
			isa = XCBuildConfiguration;
			buildSettings = {
				ALWAYS_SEARCH_USER_PATHS = NO;
				CLANG_ANALYZER_NONNULL = YES;
				CLANG_ANALYZER_NUMBER_OBJECT_CONVERSION = YES_AGGRESSIVE;
				CLANG_CXX_LANGUAGE_STANDARD = "gnu++17";
				CLANG_CXX_LIBRARY = "libc++";
				CLANG_ENABLE_MODULES = YES;
				CLANG_ENABLE_OBJC_ARC = YES;
				CLANG_ENABLE_OBJC_WEAK = YES;
				CLANG_WARN_BLOCK_CAPTURE_AUTORELEASING = YES;
				CLANG_WARN_BOOL_CONVERSION = YES;
				CLANG_WARN_COMMA = YES;
				CLANG_WARN_CONSTANT_CONVERSION = YES;
				CLANG_WARN_DEPRECATED_OBJC_IMPLEMENTATIONS = YES;
				CLANG_WARN_DIRECT_OBJC_ISA_USAGE = YES_ERROR;
				CLANG_WARN_DOCUMENTATION_COMMENTS = YES;
				CLANG_WARN_EMPTY_BODY = YES;
				CLANG_WARN_ENUM_CONVERSION = YES;
				CLANG_WARN_INFINITE_RECURSION = YES;
				CLANG_WARN_INT_CONVERSION = YES;
				CLANG_WARN_NON_LITERAL_NULL_CONVERSION = YES;
				CLANG_WARN_OBJC_IMPLICIT_RETAIN_SELF = YES;
				CLANG_WARN_OBJC_LITERAL_CONVERSION = YES;
				CLANG_WARN_OBJC_ROOT_CLASS = YES_ERROR;
				CLANG_WARN_QUOTED_INCLUDE_IN_FRAMEWORK_HEADER = YES;
				CLANG_WARN_RANGE_LOOP_ANALYSIS = YES;
				CLANG_WARN_STRICT_PROTOTYPES = YES;
				CLANG_WARN_SUSPICIOUS_MOVE = YES;
				CLANG_WARN_UNGUARDED_AVAILABILITY = YES_AGGRESSIVE;
				CLANG_WARN_UNREACHABLE_CODE = YES;
				CLANG_WARN__DUPLICATE_METHOD_MATCH = YES;
				COPY_PHASE_STRIP = NO;
				DEBUG_INFORMATION_FORMAT = dwarf;
				ENABLE_STRICT_OBJC_MSGSEND = YES;
				ENABLE_TESTABILITY = YES;
				GCC_C_LANGUAGE_STANDARD = gnu11;
				GCC_DYNAMIC_NO_PIC = NO;
				GCC_NO_COMMON_BLOCKS = YES;
				GCC_OPTIMIZATION_LEVEL = 0;
				GCC_PREPROCESSOR_DEFINITIONS = (
					"DEBUG=1",
					"$(inherited)",
				);
				GCC_WARN_64_TO_32_BIT_CONVERSION = YES;
				GCC_WARN_ABOUT_RETURN_TYPE = YES_ERROR;
				GCC_WARN_UNDECLARED_SELECTOR = YES;
				GCC_WARN_UNINITIALIZED_AUTOS = YES_AGGRESSIVE;
				GCC_WARN_UNUSED_FUNCTION = YES;
				GCC_WARN_UNUSED_VARIABLE = YES;
				IPHONEOS_DEPLOYMENT_TARGET = 15.0;
				MTL_ENABLE_DEBUG_INFO = INCLUDE_SOURCE;
				MTL_FAST_MATH = YES;
				ONLY_ACTIVE_ARCH = YES;
				SDKROOT = iphoneos;
				SWIFT_ACTIVE_COMPILATION_CONDITIONS = DEBUG;
				SWIFT_OPTIMIZATION_LEVEL = "-Onone";
			};
			name = Debug;
		};
		099ADC5127EA085A00CADB83 /* Release */ = {
			isa = XCBuildConfiguration;
			buildSettings = {
				ALWAYS_SEARCH_USER_PATHS = NO;
				CLANG_ANALYZER_NONNULL = YES;
				CLANG_ANALYZER_NUMBER_OBJECT_CONVERSION = YES_AGGRESSIVE;
				CLANG_CXX_LANGUAGE_STANDARD = "gnu++17";
				CLANG_CXX_LIBRARY = "libc++";
				CLANG_ENABLE_MODULES = YES;
				CLANG_ENABLE_OBJC_ARC = YES;
				CLANG_ENABLE_OBJC_WEAK = YES;
				CLANG_WARN_BLOCK_CAPTURE_AUTORELEASING = YES;
				CLANG_WARN_BOOL_CONVERSION = YES;
				CLANG_WARN_COMMA = YES;
				CLANG_WARN_CONSTANT_CONVERSION = YES;
				CLANG_WARN_DEPRECATED_OBJC_IMPLEMENTATIONS = YES;
				CLANG_WARN_DIRECT_OBJC_ISA_USAGE = YES_ERROR;
				CLANG_WARN_DOCUMENTATION_COMMENTS = YES;
				CLANG_WARN_EMPTY_BODY = YES;
				CLANG_WARN_ENUM_CONVERSION = YES;
				CLANG_WARN_INFINITE_RECURSION = YES;
				CLANG_WARN_INT_CONVERSION = YES;
				CLANG_WARN_NON_LITERAL_NULL_CONVERSION = YES;
				CLANG_WARN_OBJC_IMPLICIT_RETAIN_SELF = YES;
				CLANG_WARN_OBJC_LITERAL_CONVERSION = YES;
				CLANG_WARN_OBJC_ROOT_CLASS = YES_ERROR;
				CLANG_WARN_QUOTED_INCLUDE_IN_FRAMEWORK_HEADER = YES;
				CLANG_WARN_RANGE_LOOP_ANALYSIS = YES;
				CLANG_WARN_STRICT_PROTOTYPES = YES;
				CLANG_WARN_SUSPICIOUS_MOVE = YES;
				CLANG_WARN_UNGUARDED_AVAILABILITY = YES_AGGRESSIVE;
				CLANG_WARN_UNREACHABLE_CODE = YES;
				CLANG_WARN__DUPLICATE_METHOD_MATCH = YES;
				COPY_PHASE_STRIP = NO;
				DEBUG_INFORMATION_FORMAT = "dwarf-with-dsym";
				ENABLE_NS_ASSERTIONS = NO;
				ENABLE_STRICT_OBJC_MSGSEND = YES;
				GCC_C_LANGUAGE_STANDARD = gnu11;
				GCC_NO_COMMON_BLOCKS = YES;
				GCC_WARN_64_TO_32_BIT_CONVERSION = YES;
				GCC_WARN_ABOUT_RETURN_TYPE = YES_ERROR;
				GCC_WARN_UNDECLARED_SELECTOR = YES;
				GCC_WARN_UNINITIALIZED_AUTOS = YES_AGGRESSIVE;
				GCC_WARN_UNUSED_FUNCTION = YES;
				GCC_WARN_UNUSED_VARIABLE = YES;
				IPHONEOS_DEPLOYMENT_TARGET = 15.0;
				MTL_ENABLE_DEBUG_INFO = NO;
				MTL_FAST_MATH = YES;
				SDKROOT = iphoneos;
				SWIFT_COMPILATION_MODE = wholemodule;
				SWIFT_OPTIMIZATION_LEVEL = "-O";
				VALIDATE_PRODUCT = YES;
			};
			name = Release;
		};
		099ADC5327EA085A00CADB83 /* Debug */ = {
			isa = XCBuildConfiguration;
			buildSettings = {
				ASSETCATALOG_COMPILER_APPICON_NAME = AppIcon;
				ASSETCATALOG_COMPILER_GLOBAL_ACCENT_COLOR_NAME = AccentColor;
				CODE_SIGN_STYLE = Automatic;
				CURRENT_PROJECT_VERSION = 1;
				DEVELOPMENT_TEAM = E5A9RJ73G5;
				GENERATE_INFOPLIST_FILE = YES;
				INFOPLIST_KEY_UIApplicationSupportsIndirectInputEvents = YES;
				INFOPLIST_KEY_UILaunchStoryboardName = LaunchScreen;
				INFOPLIST_KEY_UIMainStoryboardFile = Main;
				INFOPLIST_KEY_UIStatusBarHidden = YES;
				INFOPLIST_KEY_UISupportedInterfaceOrientations_iPad = "UIInterfaceOrientationPortrait UIInterfaceOrientationPortraitUpsideDown UIInterfaceOrientationLandscapeLeft UIInterfaceOrientationLandscapeRight";
				INFOPLIST_KEY_UISupportedInterfaceOrientations_iPhone = "UIInterfaceOrientationPortrait UIInterfaceOrientationLandscapeLeft UIInterfaceOrientationLandscapeRight";
				LD_RUNPATH_SEARCH_PATHS = (
					"$(inherited)",
					"@executable_path/Frameworks",
				);
				MARKETING_VERSION = 1.0;
				PRODUCT_BUNDLE_IDENTIFIER = "SergeyMelnik.sec8--Game";
				PRODUCT_NAME = "$(TARGET_NAME)";
				SWIFT_EMIT_LOC_STRINGS = YES;
				SWIFT_VERSION = 5.0;
				TARGETED_DEVICE_FAMILY = "1,2";
			};
			name = Debug;
		};
		099ADC5427EA085A00CADB83 /* Release */ = {
			isa = XCBuildConfiguration;
			buildSettings = {
				ASSETCATALOG_COMPILER_APPICON_NAME = AppIcon;
				ASSETCATALOG_COMPILER_GLOBAL_ACCENT_COLOR_NAME = AccentColor;
				CODE_SIGN_STYLE = Automatic;
				CURRENT_PROJECT_VERSION = 1;
				DEVELOPMENT_TEAM = E5A9RJ73G5;
				GENERATE_INFOPLIST_FILE = YES;
				INFOPLIST_KEY_UIApplicationSupportsIndirectInputEvents = YES;
				INFOPLIST_KEY_UILaunchStoryboardName = LaunchScreen;
				INFOPLIST_KEY_UIMainStoryboardFile = Main;
				INFOPLIST_KEY_UIStatusBarHidden = YES;
				INFOPLIST_KEY_UISupportedInterfaceOrientations_iPad = "UIInterfaceOrientationPortrait UIInterfaceOrientationPortraitUpsideDown UIInterfaceOrientationLandscapeLeft UIInterfaceOrientationLandscapeRight";
				INFOPLIST_KEY_UISupportedInterfaceOrientations_iPhone = "UIInterfaceOrientationPortrait UIInterfaceOrientationLandscapeLeft UIInterfaceOrientationLandscapeRight";
				LD_RUNPATH_SEARCH_PATHS = (
					"$(inherited)",
					"@executable_path/Frameworks",
				);
				MARKETING_VERSION = 1.0;
				PRODUCT_BUNDLE_IDENTIFIER = "SergeyMelnik.sec8--Game";
				PRODUCT_NAME = "$(TARGET_NAME)";
				SWIFT_EMIT_LOC_STRINGS = YES;
				SWIFT_VERSION = 5.0;
				TARGETED_DEVICE_FAMILY = "1,2";
			};
			name = Release;
		};
		099ADC5627EA085A00CADB83 /* Debug */ = {
			isa = XCBuildConfiguration;
			buildSettings = {
				ALWAYS_EMBED_SWIFT_STANDARD_LIBRARIES = YES;
				BUNDLE_LOADER = "$(TEST_HOST)";
				CODE_SIGN_STYLE = Automatic;
				CURRENT_PROJECT_VERSION = 1;
				DEVELOPMENT_TEAM = E5A9RJ73G5;
				GENERATE_INFOPLIST_FILE = YES;
				IPHONEOS_DEPLOYMENT_TARGET = 15.0;
				LD_RUNPATH_SEARCH_PATHS = (
					"$(inherited)",
					"@executable_path/Frameworks",
					"@loader_path/Frameworks",
				);
				MARKETING_VERSION = 1.0;
				PRODUCT_BUNDLE_IDENTIFIER = "SergeyMelnik.sec8--GameTests";
				PRODUCT_NAME = "$(TARGET_NAME)";
				SWIFT_EMIT_LOC_STRINGS = NO;
				SWIFT_VERSION = 5.0;
				TARGETED_DEVICE_FAMILY = "1,2";
				TEST_HOST = "$(BUILT_PRODUCTS_DIR)/sec8. Game.app/sec8. Game";
			};
			name = Debug;
		};
		099ADC5727EA085A00CADB83 /* Release */ = {
			isa = XCBuildConfiguration;
			buildSettings = {
				ALWAYS_EMBED_SWIFT_STANDARD_LIBRARIES = YES;
				BUNDLE_LOADER = "$(TEST_HOST)";
				CODE_SIGN_STYLE = Automatic;
				CURRENT_PROJECT_VERSION = 1;
				DEVELOPMENT_TEAM = E5A9RJ73G5;
				GENERATE_INFOPLIST_FILE = YES;
				IPHONEOS_DEPLOYMENT_TARGET = 15.0;
				LD_RUNPATH_SEARCH_PATHS = (
					"$(inherited)",
					"@executable_path/Frameworks",
					"@loader_path/Frameworks",
				);
				MARKETING_VERSION = 1.0;
				PRODUCT_BUNDLE_IDENTIFIER = "SergeyMelnik.sec8--GameTests";
				PRODUCT_NAME = "$(TARGET_NAME)";
				SWIFT_EMIT_LOC_STRINGS = NO;
				SWIFT_VERSION = 5.0;
				TARGETED_DEVICE_FAMILY = "1,2";
				TEST_HOST = "$(BUILT_PRODUCTS_DIR)/sec8. Game.app/sec8. Game";
			};
			name = Release;
		};
		099ADC5927EA085A00CADB83 /* Debug */ = {
			isa = XCBuildConfiguration;
			buildSettings = {
				ALWAYS_EMBED_SWIFT_STANDARD_LIBRARIES = YES;
				CODE_SIGN_STYLE = Automatic;
				CURRENT_PROJECT_VERSION = 1;
				DEVELOPMENT_TEAM = E5A9RJ73G5;
				GENERATE_INFOPLIST_FILE = YES;
				LD_RUNPATH_SEARCH_PATHS = (
					"$(inherited)",
					"@executable_path/Frameworks",
					"@loader_path/Frameworks",
				);
				MARKETING_VERSION = 1.0;
				PRODUCT_BUNDLE_IDENTIFIER = "SergeyMelnik.sec8--GameUITests";
				PRODUCT_NAME = "$(TARGET_NAME)";
				SWIFT_EMIT_LOC_STRINGS = NO;
				SWIFT_VERSION = 5.0;
				TARGETED_DEVICE_FAMILY = "1,2";
				TEST_TARGET_NAME = "sec8. Game";
			};
			name = Debug;
		};
		099ADC5A27EA085A00CADB83 /* Release */ = {
			isa = XCBuildConfiguration;
			buildSettings = {
				ALWAYS_EMBED_SWIFT_STANDARD_LIBRARIES = YES;
				CODE_SIGN_STYLE = Automatic;
				CURRENT_PROJECT_VERSION = 1;
				DEVELOPMENT_TEAM = E5A9RJ73G5;
				GENERATE_INFOPLIST_FILE = YES;
				LD_RUNPATH_SEARCH_PATHS = (
					"$(inherited)",
					"@executable_path/Frameworks",
					"@loader_path/Frameworks",
				);
				MARKETING_VERSION = 1.0;
				PRODUCT_BUNDLE_IDENTIFIER = "SergeyMelnik.sec8--GameUITests";
				PRODUCT_NAME = "$(TARGET_NAME)";
				SWIFT_EMIT_LOC_STRINGS = NO;
				SWIFT_VERSION = 5.0;
				TARGETED_DEVICE_FAMILY = "1,2";
				TEST_TARGET_NAME = "sec8. Game";
			};
			name = Release;
		};
/* End XCBuildConfiguration section */

/* Begin XCConfigurationList section */
		099ADC2027EA085800CADB83 /* Build configuration list for PBXProject "sec8. Game" */ = {
			isa = XCConfigurationList;
			buildConfigurations = (
				099ADC5027EA085A00CADB83 /* Debug */,
				099ADC5127EA085A00CADB83 /* Release */,
			);
			defaultConfigurationIsVisible = 0;
			defaultConfigurationName = Release;
		};
		099ADC5227EA085A00CADB83 /* Build configuration list for PBXNativeTarget "sec8. Game" */ = {
			isa = XCConfigurationList;
			buildConfigurations = (
				099ADC5327EA085A00CADB83 /* Debug */,
				099ADC5427EA085A00CADB83 /* Release */,
			);
			defaultConfigurationIsVisible = 0;
			defaultConfigurationName = Release;
		};
		099ADC5527EA085A00CADB83 /* Build configuration list for PBXNativeTarget "sec8. GameTests" */ = {
			isa = XCConfigurationList;
			buildConfigurations = (
				099ADC5627EA085A00CADB83 /* Debug */,
				099ADC5727EA085A00CADB83 /* Release */,
			);
			defaultConfigurationIsVisible = 0;
			defaultConfigurationName = Release;
		};
		099ADC5827EA085A00CADB83 /* Build configuration list for PBXNativeTarget "sec8. GameUITests" */ = {
			isa = XCConfigurationList;
			buildConfigurations = (
				099ADC5927EA085A00CADB83 /* Debug */,
				099ADC5A27EA085A00CADB83 /* Release */,
			);
			defaultConfigurationIsVisible = 0;
			defaultConfigurationName = Release;
		};
/* End XCConfigurationList section */
	};
	rootObject = 099ADC1D27EA085800CADB83 /* Project object */;
}
